// !$*UTF8*$!
{
	archiveVersion = 1;
	classes = {
	};
	objectVersion = 50;
	objects = {

/* Begin PBXBuildFile section */
		15F91C802408CC1600004D3F /* (null) in Sources */ = {isa = PBXBuildFile; };
		3F2C0CDC2408CCE800609CF8 /* ConfigureVehicleViewController.swift in Sources */ = {isa = PBXBuildFile; fileRef = 3F2C0CDB2408CCE800609CF8 /* ConfigureVehicleViewController.swift */; };
		3F3E241B2408D3CD00E617AB /* DriveViewController.swift in Sources */ = {isa = PBXBuildFile; fileRef = 3F3E241A2408D3CD00E617AB /* DriveViewController.swift */; };
		3F8E290A2408C6A3003286FC /* AppDelegate.swift in Sources */ = {isa = PBXBuildFile; fileRef = 3F8E29092408C6A3003286FC /* AppDelegate.swift */; };
		3F8E290C2408C6A3003286FC /* SceneDelegate.swift in Sources */ = {isa = PBXBuildFile; fileRef = 3F8E290B2408C6A3003286FC /* SceneDelegate.swift */; };
		3F8E290E2408C6A3003286FC /* FirstViewController.swift in Sources */ = {isa = PBXBuildFile; fileRef = 3F8E290D2408C6A3003286FC /* FirstViewController.swift */; };
		3F8E29102408C6A3003286FC /* SecondViewController.swift in Sources */ = {isa = PBXBuildFile; fileRef = 3F8E290F2408C6A3003286FC /* SecondViewController.swift */; };
		3F8E29132408C6A3003286FC /* Main.storyboard in Resources */ = {isa = PBXBuildFile; fileRef = 3F8E29112408C6A3003286FC /* Main.storyboard */; };
		3F8E29152408C6A6003286FC /* Assets.xcassets in Resources */ = {isa = PBXBuildFile; fileRef = 3F8E29142408C6A6003286FC /* Assets.xcassets */; };
		3F8E29182408C6A6003286FC /* LaunchScreen.storyboard in Resources */ = {isa = PBXBuildFile; fileRef = 3F8E29162408C6A6003286FC /* LaunchScreen.storyboard */; };
		3F8E29232408C6A6003286FC /* Gas_Leakage_DetectorTests.swift in Sources */ = {isa = PBXBuildFile; fileRef = 3F8E29222408C6A6003286FC /* Gas_Leakage_DetectorTests.swift */; };
		3F8E292E2408C6A6003286FC /* Gas_Leakage_DetectorUITests.swift in Sources */ = {isa = PBXBuildFile; fileRef = 3F8E292D2408C6A6003286FC /* Gas_Leakage_DetectorUITests.swift */; };
/* End PBXBuildFile section */

/* Begin PBXContainerItemProxy section */
		3F8E291F2408C6A6003286FC /* PBXContainerItemProxy */ = {
			isa = PBXContainerItemProxy;
			containerPortal = 3F8E28FE2408C6A3003286FC /* Project object */;
			proxyType = 1;
			remoteGlobalIDString = 3F8E29052408C6A3003286FC;
			remoteInfo = "Gas-Leakage-Detector";
		};
		3F8E292A2408C6A6003286FC /* PBXContainerItemProxy */ = {
			isa = PBXContainerItemProxy;
			containerPortal = 3F8E28FE2408C6A3003286FC /* Project object */;
			proxyType = 1;
			remoteGlobalIDString = 3F8E29052408C6A3003286FC;
			remoteInfo = "Gas-Leakage-Detector";
		};
/* End PBXContainerItemProxy section */

/* Begin PBXFileReference section */
		3F2C0CDB2408CCE800609CF8 /* ConfigureVehicleViewController.swift */ = {isa = PBXFileReference; lastKnownFileType = sourcecode.swift; path = ConfigureVehicleViewController.swift; sourceTree = "<group>"; };
		3F3E241A2408D3CD00E617AB /* DriveViewController.swift */ = {isa = PBXFileReference; lastKnownFileType = sourcecode.swift; path = DriveViewController.swift; sourceTree = "<group>"; };
		3F8E29062408C6A3003286FC /* Gas-Leakage-Detector.app */ = {isa = PBXFileReference; explicitFileType = wrapper.application; includeInIndex = 0; path = "Gas-Leakage-Detector.app"; sourceTree = BUILT_PRODUCTS_DIR; };
		3F8E29092408C6A3003286FC /* AppDelegate.swift */ = {isa = PBXFileReference; lastKnownFileType = sourcecode.swift; path = AppDelegate.swift; sourceTree = "<group>"; };
		3F8E290B2408C6A3003286FC /* SceneDelegate.swift */ = {isa = PBXFileReference; lastKnownFileType = sourcecode.swift; path = SceneDelegate.swift; sourceTree = "<group>"; };
		3F8E290D2408C6A3003286FC /* FirstViewController.swift */ = {isa = PBXFileReference; lastKnownFileType = sourcecode.swift; path = FirstViewController.swift; sourceTree = "<group>"; };
		3F8E290F2408C6A3003286FC /* SecondViewController.swift */ = {isa = PBXFileReference; lastKnownFileType = sourcecode.swift; path = SecondViewController.swift; sourceTree = "<group>"; };
		3F8E29122408C6A3003286FC /* Base */ = {isa = PBXFileReference; lastKnownFileType = file.storyboard; name = Base; path = Base.lproj/Main.storyboard; sourceTree = "<group>"; };
		3F8E29142408C6A6003286FC /* Assets.xcassets */ = {isa = PBXFileReference; lastKnownFileType = folder.assetcatalog; path = Assets.xcassets; sourceTree = "<group>"; };
		3F8E29172408C6A6003286FC /* Base */ = {isa = PBXFileReference; lastKnownFileType = file.storyboard; name = Base; path = Base.lproj/LaunchScreen.storyboard; sourceTree = "<group>"; };
		3F8E29192408C6A6003286FC /* Info.plist */ = {isa = PBXFileReference; lastKnownFileType = text.plist.xml; path = Info.plist; sourceTree = "<group>"; };
		3F8E291E2408C6A6003286FC /* Gas-Leakage-DetectorTests.xctest */ = {isa = PBXFileReference; explicitFileType = wrapper.cfbundle; includeInIndex = 0; path = "Gas-Leakage-DetectorTests.xctest"; sourceTree = BUILT_PRODUCTS_DIR; };
		3F8E29222408C6A6003286FC /* Gas_Leakage_DetectorTests.swift */ = {isa = PBXFileReference; lastKnownFileType = sourcecode.swift; path = Gas_Leakage_DetectorTests.swift; sourceTree = "<group>"; };
		3F8E29242408C6A6003286FC /* Info.plist */ = {isa = PBXFileReference; lastKnownFileType = text.plist.xml; path = Info.plist; sourceTree = "<group>"; };
		3F8E29292408C6A6003286FC /* Gas-Leakage-DetectorUITests.xctest */ = {isa = PBXFileReference; explicitFileType = wrapper.cfbundle; includeInIndex = 0; path = "Gas-Leakage-DetectorUITests.xctest"; sourceTree = BUILT_PRODUCTS_DIR; };
		3F8E292D2408C6A6003286FC /* Gas_Leakage_DetectorUITests.swift */ = {isa = PBXFileReference; lastKnownFileType = sourcecode.swift; path = Gas_Leakage_DetectorUITests.swift; sourceTree = "<group>"; };
		3F8E292F2408C6A6003286FC /* Info.plist */ = {isa = PBXFileReference; lastKnownFileType = text.plist.xml; path = Info.plist; sourceTree = "<group>"; };
/* End PBXFileReference section */

/* Begin PBXFrameworksBuildPhase section */
		3F8E29032408C6A3003286FC /* Frameworks */ = {
			isa = PBXFrameworksBuildPhase;
			buildActionMask = 2147483647;
			files = (
			);
			runOnlyForDeploymentPostprocessing = 0;
		};
		3F8E291B2408C6A6003286FC /* Frameworks */ = {
			isa = PBXFrameworksBuildPhase;
			buildActionMask = 2147483647;
			files = (
			);
			runOnlyForDeploymentPostprocessing = 0;
		};
		3F8E29262408C6A6003286FC /* Frameworks */ = {
			isa = PBXFrameworksBuildPhase;
			buildActionMask = 2147483647;
			files = (
			);
			runOnlyForDeploymentPostprocessing = 0;
		};
/* End PBXFrameworksBuildPhase section */

/* Begin PBXGroup section */
		3F8E28FD2408C6A3003286FC = {
			isa = PBXGroup;
			children = (
				3F8E29082408C6A3003286FC /* Gas-Leakage-Detector */,
				3F8E29212408C6A6003286FC /* Gas-Leakage-DetectorTests */,
				3F8E292C2408C6A6003286FC /* Gas-Leakage-DetectorUITests */,
				3F8E29072408C6A3003286FC /* Products */,
			);
			sourceTree = "<group>";
		};
		3F8E29072408C6A3003286FC /* Products */ = {
			isa = PBXGroup;
			children = (
				3F8E29062408C6A3003286FC /* Gas-Leakage-Detector.app */,
				3F8E291E2408C6A6003286FC /* Gas-Leakage-DetectorTests.xctest */,
				3F8E29292408C6A6003286FC /* Gas-Leakage-DetectorUITests.xctest */,
			);
			name = Products;
			sourceTree = "<group>";
		};
		3F8E29082408C6A3003286FC /* Gas-Leakage-Detector */ = {
			isa = PBXGroup;
			children = (
				3F8E29092408C6A3003286FC /* AppDelegate.swift */,
				3F8E290B2408C6A3003286FC /* SceneDelegate.swift */,
				3F8E290D2408C6A3003286FC /* FirstViewController.swift */,
				3F2C0CDB2408CCE800609CF8 /* ConfigureVehicleViewController.swift */,
				3F3E241A2408D3CD00E617AB /* DriveViewController.swift */,
				3F8E290F2408C6A3003286FC /* SecondViewController.swift */,
				3F8E29112408C6A3003286FC /* Main.storyboard */,
				3F8E29142408C6A6003286FC /* Assets.xcassets */,
				3F8E29162408C6A6003286FC /* LaunchScreen.storyboard */,
				3F8E29192408C6A6003286FC /* Info.plist */,
			);
			path = "Gas-Leakage-Detector";
			sourceTree = "<group>";
		};
		3F8E29212408C6A6003286FC /* Gas-Leakage-DetectorTests */ = {
			isa = PBXGroup;
			children = (
				3F8E29222408C6A6003286FC /* Gas_Leakage_DetectorTests.swift */,
				3F8E29242408C6A6003286FC /* Info.plist */,
			);
			path = "Gas-Leakage-DetectorTests";
			sourceTree = "<group>";
		};
		3F8E292C2408C6A6003286FC /* Gas-Leakage-DetectorUITests */ = {
			isa = PBXGroup;
			children = (
				3F8E292D2408C6A6003286FC /* Gas_Leakage_DetectorUITests.swift */,
				3F8E292F2408C6A6003286FC /* Info.plist */,
			);
			path = "Gas-Leakage-DetectorUITests";
			sourceTree = "<group>";
		};
/* End PBXGroup section */

/* Begin PBXNativeTarget section */
		3F8E29052408C6A3003286FC /* Gas-Leakage-Detector */ = {
			isa = PBXNativeTarget;
			buildConfigurationList = 3F8E29322408C6A6003286FC /* Build configuration list for PBXNativeTarget "Gas-Leakage-Detector" */;
			buildPhases = (
				3F8E29022408C6A3003286FC /* Sources */,
				3F8E29032408C6A3003286FC /* Frameworks */,
				3F8E29042408C6A3003286FC /* Resources */,
			);
			buildRules = (
			);
			dependencies = (
			);
			name = "Gas-Leakage-Detector";
			productName = "Gas-Leakage-Detector";
			productReference = 3F8E29062408C6A3003286FC /* Gas-Leakage-Detector.app */;
			productType = "com.apple.product-type.application";
		};
		3F8E291D2408C6A6003286FC /* Gas-Leakage-DetectorTests */ = {
			isa = PBXNativeTarget;
			buildConfigurationList = 3F8E29352408C6A6003286FC /* Build configuration list for PBXNativeTarget "Gas-Leakage-DetectorTests" */;
			buildPhases = (
				3F8E291A2408C6A6003286FC /* Sources */,
				3F8E291B2408C6A6003286FC /* Frameworks */,
				3F8E291C2408C6A6003286FC /* Resources */,
			);
			buildRules = (
			);
			dependencies = (
				3F8E29202408C6A6003286FC /* PBXTargetDependency */,
			);
			name = "Gas-Leakage-DetectorTests";
			productName = "Gas-Leakage-DetectorTests";
			productReference = 3F8E291E2408C6A6003286FC /* Gas-Leakage-DetectorTests.xctest */;
			productType = "com.apple.product-type.bundle.unit-test";
		};
		3F8E29282408C6A6003286FC /* Gas-Leakage-DetectorUITests */ = {
			isa = PBXNativeTarget;
			buildConfigurationList = 3F8E29382408C6A6003286FC /* Build configuration list for PBXNativeTarget "Gas-Leakage-DetectorUITests" */;
			buildPhases = (
				3F8E29252408C6A6003286FC /* Sources */,
				3F8E29262408C6A6003286FC /* Frameworks */,
				3F8E29272408C6A6003286FC /* Resources */,
			);
			buildRules = (
			);
			dependencies = (
				3F8E292B2408C6A6003286FC /* PBXTargetDependency */,
			);
			name = "Gas-Leakage-DetectorUITests";
			productName = "Gas-Leakage-DetectorUITests";
			productReference = 3F8E29292408C6A6003286FC /* Gas-Leakage-DetectorUITests.xctest */;
			productType = "com.apple.product-type.bundle.ui-testing";
		};
/* End PBXNativeTarget section */

/* Begin PBXProject section */
		3F8E28FE2408C6A3003286FC /* Project object */ = {
			isa = PBXProject;
			attributes = {
				LastSwiftUpdateCheck = 1130;
				LastUpgradeCheck = 1130;
				ORGANIZATIONNAME = Student;
				TargetAttributes = {
					3F8E29052408C6A3003286FC = {
						CreatedOnToolsVersion = 11.3.1;
					};
					3F8E291D2408C6A6003286FC = {
						CreatedOnToolsVersion = 11.3.1;
						TestTargetID = 3F8E29052408C6A3003286FC;
					};
					3F8E29282408C6A6003286FC = {
						CreatedOnToolsVersion = 11.3.1;
						TestTargetID = 3F8E29052408C6A3003286FC;
					};
				};
			};
			buildConfigurationList = 3F8E29012408C6A3003286FC /* Build configuration list for PBXProject "Gas-Leakage-Detector" */;
			compatibilityVersion = "Xcode 9.3";
			developmentRegion = en;
			hasScannedForEncodings = 0;
			knownRegions = (
				en,
				Base,
			);
			mainGroup = 3F8E28FD2408C6A3003286FC;
			productRefGroup = 3F8E29072408C6A3003286FC /* Products */;
			projectDirPath = "";
			projectRoot = "";
			targets = (
				3F8E29052408C6A3003286FC /* Gas-Leakage-Detector */,
				3F8E291D2408C6A6003286FC /* Gas-Leakage-DetectorTests */,
				3F8E29282408C6A6003286FC /* Gas-Leakage-DetectorUITests */,
			);
		};
/* End PBXProject section */

/* Begin PBXResourcesBuildPhase section */
		3F8E29042408C6A3003286FC /* Resources */ = {
			isa = PBXResourcesBuildPhase;
			buildActionMask = 2147483647;
			files = (
				3F8E29182408C6A6003286FC /* LaunchScreen.storyboard in Resources */,
				3F8E29152408C6A6003286FC /* Assets.xcassets in Resources */,
				3F8E29132408C6A3003286FC /* Main.storyboard in Resources */,
			);
			runOnlyForDeploymentPostprocessing = 0;
		};
		3F8E291C2408C6A6003286FC /* Resources */ = {
			isa = PBXResourcesBuildPhase;
			buildActionMask = 2147483647;
			files = (
			);
			runOnlyForDeploymentPostprocessing = 0;
		};
		3F8E29272408C6A6003286FC /* Resources */ = {
			isa = PBXResourcesBuildPhase;
			buildActionMask = 2147483647;
			files = (
			);
			runOnlyForDeploymentPostprocessing = 0;
		};
/* End PBXResourcesBuildPhase section */

/* Begin PBXSourcesBuildPhase section */
		3F8E29022408C6A3003286FC /* Sources */ = {
			isa = PBXSourcesBuildPhase;
			buildActionMask = 2147483647;
			files = (
				3F8E29102408C6A3003286FC /* SecondViewController.swift in Sources */,
				3F3E241B2408D3CD00E617AB /* DriveViewController.swift in Sources */,
				3F2C0CDC2408CCE800609CF8 /* ConfigureVehicleViewController.swift in Sources */,
				3F8E290E2408C6A3003286FC /* FirstViewController.swift in Sources */,
				3F8E290A2408C6A3003286FC /* AppDelegate.swift in Sources */,
				15F91C802408CC1600004D3F /* (null) in Sources */,
				3F8E290C2408C6A3003286FC /* SceneDelegate.swift in Sources */,
			);
			runOnlyForDeploymentPostprocessing = 0;
		};
		3F8E291A2408C6A6003286FC /* Sources */ = {
			isa = PBXSourcesBuildPhase;
			buildActionMask = 2147483647;
			files = (
				3F8E29232408C6A6003286FC /* Gas_Leakage_DetectorTests.swift in Sources */,
			);
			runOnlyForDeploymentPostprocessing = 0;
		};
		3F8E29252408C6A6003286FC /* Sources */ = {
			isa = PBXSourcesBuildPhase;
			buildActionMask = 2147483647;
			files = (
				3F8E292E2408C6A6003286FC /* Gas_Leakage_DetectorUITests.swift in Sources */,
			);
			runOnlyForDeploymentPostprocessing = 0;
		};
/* End PBXSourcesBuildPhase section */

/* Begin PBXTargetDependency section */
		3F8E29202408C6A6003286FC /* PBXTargetDependency */ = {
			isa = PBXTargetDependency;
			target = 3F8E29052408C6A3003286FC /* Gas-Leakage-Detector */;
			targetProxy = 3F8E291F2408C6A6003286FC /* PBXContainerItemProxy */;
		};
		3F8E292B2408C6A6003286FC /* PBXTargetDependency */ = {
			isa = PBXTargetDependency;
			target = 3F8E29052408C6A3003286FC /* Gas-Leakage-Detector */;
			targetProxy = 3F8E292A2408C6A6003286FC /* PBXContainerItemProxy */;
		};
/* End PBXTargetDependency section */

/* Begin PBXVariantGroup section */
		3F8E29112408C6A3003286FC /* Main.storyboard */ = {
			isa = PBXVariantGroup;
			children = (
				3F8E29122408C6A3003286FC /* Base */,
			);
			name = Main.storyboard;
			sourceTree = "<group>";
		};
		3F8E29162408C6A6003286FC /* LaunchScreen.storyboard */ = {
			isa = PBXVariantGroup;
			children = (
				3F8E29172408C6A6003286FC /* Base */,
			);
			name = LaunchScreen.storyboard;
			sourceTree = "<group>";
		};
/* End PBXVariantGroup section */

/* Begin XCBuildConfiguration section */
		3F8E29302408C6A6003286FC /* Debug */ = {
			isa = XCBuildConfiguration;
			buildSettings = {
				ALWAYS_SEARCH_USER_PATHS = NO;
				CLANG_ANALYZER_NONNULL = YES;
				CLANG_ANALYZER_NUMBER_OBJECT_CONVERSION = YES_AGGRESSIVE;
				CLANG_CXX_LANGUAGE_STANDARD = "gnu++14";
				CLANG_CXX_LIBRARY = "libc++";
				CLANG_ENABLE_MODULES = YES;
				CLANG_ENABLE_OBJC_ARC = YES;
				CLANG_ENABLE_OBJC_WEAK = YES;
				CLANG_WARN_BLOCK_CAPTURE_AUTORELEASING = YES;
				CLANG_WARN_BOOL_CONVERSION = YES;
				CLANG_WARN_COMMA = YES;
				CLANG_WARN_CONSTANT_CONVERSION = YES;
				CLANG_WARN_DEPRECATED_OBJC_IMPLEMENTATIONS = YES;
				CLANG_WARN_DIRECT_OBJC_ISA_USAGE = YES_ERROR;
				CLANG_WARN_DOCUMENTATION_COMMENTS = YES;
				CLANG_WARN_EMPTY_BODY = YES;
				CLANG_WARN_ENUM_CONVERSION = YES;
				CLANG_WARN_INFINITE_RECURSION = YES;
				CLANG_WARN_INT_CONVERSION = YES;
				CLANG_WARN_NON_LITERAL_NULL_CONVERSION = YES;
				CLANG_WARN_OBJC_IMPLICIT_RETAIN_SELF = YES;
				CLANG_WARN_OBJC_LITERAL_CONVERSION = YES;
				CLANG_WARN_OBJC_ROOT_CLASS = YES_ERROR;
				CLANG_WARN_RANGE_LOOP_ANALYSIS = YES;
				CLANG_WARN_STRICT_PROTOTYPES = YES;
				CLANG_WARN_SUSPICIOUS_MOVE = YES;
				CLANG_WARN_UNGUARDED_AVAILABILITY = YES_AGGRESSIVE;
				CLANG_WARN_UNREACHABLE_CODE = YES;
				CLANG_WARN__DUPLICATE_METHOD_MATCH = YES;
				COPY_PHASE_STRIP = NO;
				DEBUG_INFORMATION_FORMAT = dwarf;
				ENABLE_STRICT_OBJC_MSGSEND = YES;
				ENABLE_TESTABILITY = YES;
				GCC_C_LANGUAGE_STANDARD = gnu11;
				GCC_DYNAMIC_NO_PIC = NO;
				GCC_NO_COMMON_BLOCKS = YES;
				GCC_OPTIMIZATION_LEVEL = 0;
				GCC_PREPROCESSOR_DEFINITIONS = (
					"DEBUG=1",
					"$(inherited)",
				);
				GCC_WARN_64_TO_32_BIT_CONVERSION = YES;
				GCC_WARN_ABOUT_RETURN_TYPE = YES_ERROR;
				GCC_WARN_UNDECLARED_SELECTOR = YES;
				GCC_WARN_UNINITIALIZED_AUTOS = YES_AGGRESSIVE;
				GCC_WARN_UNUSED_FUNCTION = YES;
				GCC_WARN_UNUSED_VARIABLE = YES;
				IPHONEOS_DEPLOYMENT_TARGET = 13.2;
				MTL_ENABLE_DEBUG_INFO = INCLUDE_SOURCE;
				MTL_FAST_MATH = YES;
				ONLY_ACTIVE_ARCH = YES;
				SDKROOT = iphoneos;
				SWIFT_ACTIVE_COMPILATION_CONDITIONS = DEBUG;
				SWIFT_OPTIMIZATION_LEVEL = "-Onone";
			};
			name = Debug;
		};
		3F8E29312408C6A6003286FC /* Release */ = {
			isa = XCBuildConfiguration;
			buildSettings = {
				ALWAYS_SEARCH_USER_PATHS = NO;
				CLANG_ANALYZER_NONNULL = YES;
				CLANG_ANALYZER_NUMBER_OBJECT_CONVERSION = YES_AGGRESSIVE;
				CLANG_CXX_LANGUAGE_STANDARD = "gnu++14";
				CLANG_CXX_LIBRARY = "libc++";
				CLANG_ENABLE_MODULES = YES;
				CLANG_ENABLE_OBJC_ARC = YES;
				CLANG_ENABLE_OBJC_WEAK = YES;
				CLANG_WARN_BLOCK_CAPTURE_AUTORELEASING = YES;
				CLANG_WARN_BOOL_CONVERSION = YES;
				CLANG_WARN_COMMA = YES;
				CLANG_WARN_CONSTANT_CONVERSION = YES;
				CLANG_WARN_DEPRECATED_OBJC_IMPLEMENTATIONS = YES;
				CLANG_WARN_DIRECT_OBJC_ISA_USAGE = YES_ERROR;
				CLANG_WARN_DOCUMENTATION_COMMENTS = YES;
				CLANG_WARN_EMPTY_BODY = YES;
				CLANG_WARN_ENUM_CONVERSION = YES;
				CLANG_WARN_INFINITE_RECURSION = YES;
				CLANG_WARN_INT_CONVERSION = YES;
				CLANG_WARN_NON_LITERAL_NULL_CONVERSION = YES;
				CLANG_WARN_OBJC_IMPLICIT_RETAIN_SELF = YES;
				CLANG_WARN_OBJC_LITERAL_CONVERSION = YES;
				CLANG_WARN_OBJC_ROOT_CLASS = YES_ERROR;
				CLANG_WARN_RANGE_LOOP_ANALYSIS = YES;
				CLANG_WARN_STRICT_PROTOTYPES = YES;
				CLANG_WARN_SUSPICIOUS_MOVE = YES;
				CLANG_WARN_UNGUARDED_AVAILABILITY = YES_AGGRESSIVE;
				CLANG_WARN_UNREACHABLE_CODE = YES;
				CLANG_WARN__DUPLICATE_METHOD_MATCH = YES;
				COPY_PHASE_STRIP = NO;
				DEBUG_INFORMATION_FORMAT = "dwarf-with-dsym";
				ENABLE_NS_ASSERTIONS = NO;
				ENABLE_STRICT_OBJC_MSGSEND = YES;
				GCC_C_LANGUAGE_STANDARD = gnu11;
				GCC_NO_COMMON_BLOCKS = YES;
				GCC_WARN_64_TO_32_BIT_CONVERSION = YES;
				GCC_WARN_ABOUT_RETURN_TYPE = YES_ERROR;
				GCC_WARN_UNDECLARED_SELECTOR = YES;
				GCC_WARN_UNINITIALIZED_AUTOS = YES_AGGRESSIVE;
				GCC_WARN_UNUSED_FUNCTION = YES;
				GCC_WARN_UNUSED_VARIABLE = YES;
				IPHONEOS_DEPLOYMENT_TARGET = 13.2;
				MTL_ENABLE_DEBUG_INFO = NO;
				MTL_FAST_MATH = YES;
				SDKROOT = iphoneos;
				SWIFT_COMPILATION_MODE = wholemodule;
				SWIFT_OPTIMIZATION_LEVEL = "-O";
				VALIDATE_PRODUCT = YES;
			};
			name = Release;
		};
		3F8E29332408C6A6003286FC /* Debug */ = {
			isa = XCBuildConfiguration;
			buildSettings = {
				ASSETCATALOG_COMPILER_APPICON_NAME = AppIcon;
				CODE_SIGN_STYLE = Automatic;
				DEVELOPMENT_TEAM = Z93C9FGBLF;
				INFOPLIST_FILE = "Gas-Leakage-Detector/Info.plist";
				LD_RUNPATH_SEARCH_PATHS = (
					"$(inherited)",
					"@executable_path/Frameworks",
				);
				PRODUCT_BUNDLE_IDENTIFIER = "edu.nwmissouri.Gas-Leakage-Detector";
				PRODUCT_NAME = "$(TARGET_NAME)";
				SWIFT_VERSION = 5.0;
				TARGETED_DEVICE_FAMILY = "1,2";
			};
			name = Debug;
		};
		3F8E29342408C6A6003286FC /* Release */ = {
			isa = XCBuildConfiguration;
			buildSettings = {
				ASSETCATALOG_COMPILER_APPICON_NAME = AppIcon;
				CODE_SIGN_STYLE = Automatic;
				DEVELOPMENT_TEAM = Z93C9FGBLF;
				INFOPLIST_FILE = "Gas-Leakage-Detector/Info.plist";
				LD_RUNPATH_SEARCH_PATHS = (
					"$(inherited)",
					"@executable_path/Frameworks",
				);
				PRODUCT_BUNDLE_IDENTIFIER = "edu.nwmissouri.Gas-Leakage-Detector";
				PRODUCT_NAME = "$(TARGET_NAME)";
				SWIFT_VERSION = 5.0;
				TARGETED_DEVICE_FAMILY = "1,2";
			};
			name = Release;
		};
		3F8E29362408C6A6003286FC /* Debug */ = {
			isa = XCBuildConfiguration;
			buildSettings = {
				ALWAYS_EMBED_SWIFT_STANDARD_LIBRARIES = YES;
				BUNDLE_LOADER = "$(TEST_HOST)";
				CODE_SIGN_STYLE = Automatic;
				DEVELOPMENT_TEAM = Z93C9FGBLF;
				INFOPLIST_FILE = "Gas-Leakage-DetectorTests/Info.plist";
				IPHONEOS_DEPLOYMENT_TARGET = 13.2;
				LD_RUNPATH_SEARCH_PATHS = (
					"$(inherited)",
					"@executable_path/Frameworks",
					"@loader_path/Frameworks",
				);
				PRODUCT_BUNDLE_IDENTIFIER = "edu.nwmissouri.Gas-Leakage-DetectorTests";
				PRODUCT_NAME = "$(TARGET_NAME)";
				SWIFT_VERSION = 5.0;
				TARGETED_DEVICE_FAMILY = "1,2";
				TEST_HOST = "$(BUILT_PRODUCTS_DIR)/Gas-Leakage-Detector.app/Gas-Leakage-Detector";
			};
			name = Debug;
		};
		3F8E29372408C6A6003286FC /* Release */ = {
			isa = XCBuildConfiguration;
			buildSettings = {
				ALWAYS_EMBED_SWIFT_STANDARD_LIBRARIES = YES;
				BUNDLE_LOADER = "$(TEST_HOST)";
				CODE_SIGN_STYLE = Automatic;
				DEVELOPMENT_TEAM = Z93C9FGBLF;
				INFOPLIST_FILE = "Gas-Leakage-DetectorTests/Info.plist";
				IPHONEOS_DEPLOYMENT_TARGET = 13.2;
				LD_RUNPATH_SEARCH_PATHS = (
					"$(inherited)",
					"@executable_path/Frameworks",
					"@loader_path/Frameworks",
				);
				PRODUCT_BUNDLE_IDENTIFIER = "edu.nwmissouri.Gas-Leakage-DetectorTests";
				PRODUCT_NAME = "$(TARGET_NAME)";
				SWIFT_VERSION = 5.0;
				TARGETED_DEVICE_FAMILY = "1,2";
				TEST_HOST = "$(BUILT_PRODUCTS_DIR)/Gas-Leakage-Detector.app/Gas-Leakage-Detector";
			};
			name = Release;
		};
		3F8E29392408C6A6003286FC /* Debug */ = {
			isa = XCBuildConfiguration;
			buildSettings = {
				ALWAYS_EMBED_SWIFT_STANDARD_LIBRARIES = YES;
				CODE_SIGN_STYLE = Automatic;
				DEVELOPMENT_TEAM = Z93C9FGBLF;
				INFOPLIST_FILE = "Gas-Leakage-DetectorUITests/Info.plist";
				LD_RUNPATH_SEARCH_PATHS = (
					"$(inherited)",
					"@executable_path/Frameworks",
					"@loader_path/Frameworks",
				);
				PRODUCT_BUNDLE_IDENTIFIER = "edu.nwmissouri.Gas-Leakage-DetectorUITests";
				PRODUCT_NAME = "$(TARGET_NAME)";
				SWIFT_VERSION = 5.0;
				TARGETED_DEVICE_FAMILY = "1,2";
				TEST_TARGET_NAME = "Gas-Leakage-Detector";
			};
			name = Debug;
		};
		3F8E293A2408C6A6003286FC /* Release */ = {
			isa = XCBuildConfiguration;
			buildSettings = {
				ALWAYS_EMBED_SWIFT_STANDARD_LIBRARIES = YES;
				CODE_SIGN_STYLE = Automatic;
				DEVELOPMENT_TEAM = Z93C9FGBLF;
				INFOPLIST_FILE = "Gas-Leakage-DetectorUITests/Info.plist";
				LD_RUNPATH_SEARCH_PATHS = (
					"$(inherited)",
					"@executable_path/Frameworks",
					"@loader_path/Frameworks",
				);
				PRODUCT_BUNDLE_IDENTIFIER = "edu.nwmissouri.Gas-Leakage-DetectorUITests";
				PRODUCT_NAME = "$(TARGET_NAME)";
				SWIFT_VERSION = 5.0;
				TARGETED_DEVICE_FAMILY = "1,2";
				TEST_TARGET_NAME = "Gas-Leakage-Detector";
			};
			name = Release;
		};
/* End XCBuildConfiguration section */

/* Begin XCConfigurationList section */
		3F8E29012408C6A3003286FC /* Build configuration list for PBXProject "Gas-Leakage-Detector" */ = {
			isa = XCConfigurationList;
			buildConfigurations = (
				3F8E29302408C6A6003286FC /* Debug */,
				3F8E29312408C6A6003286FC /* Release */,
			);
			defaultConfigurationIsVisible = 0;
			defaultConfigurationName = Release;
		};
		3F8E29322408C6A6003286FC /* Build configuration list for PBXNativeTarget "Gas-Leakage-Detector" */ = {
			isa = XCConfigurationList;
			buildConfigurations = (
				3F8E29332408C6A6003286FC /* Debug */,
				3F8E29342408C6A6003286FC /* Release */,
			);
			defaultConfigurationIsVisible = 0;
			defaultConfigurationName = Release;
		};
		3F8E29352408C6A6003286FC /* Build configuration list for PBXNativeTarget "Gas-Leakage-DetectorTests" */ = {
			isa = XCConfigurationList;
			buildConfigurations = (
				3F8E29362408C6A6003286FC /* Debug */,
				3F8E29372408C6A6003286FC /* Release */,
			);
			defaultConfigurationIsVisible = 0;
			defaultConfigurationName = Release;
		};
		3F8E29382408C6A6003286FC /* Build configuration list for PBXNativeTarget "Gas-Leakage-DetectorUITests" */ = {
			isa = XCConfigurationList;
			buildConfigurations = (
				3F8E29392408C6A6003286FC /* Debug */,
				3F8E293A2408C6A6003286FC /* Release */,
			);
			defaultConfigurationIsVisible = 0;
			defaultConfigurationName = Release;
		};
/* End XCConfigurationList section */
	};
	rootObject = 3F8E28FE2408C6A3003286FC /* Project object */;
}
